// !$*UTF8*$!
{
	archiveVersion = 1;
	classes = {
	};
	objectVersion = 50;
	objects = {

/* Begin PBXBuildFile section */
		742F90492369929700FEFEC7 /* main.m in Sources */ = {isa = PBXBuildFile; fileRef = 742F90482369929700FEFEC7 /* main.m */; };
		742F9051236992C900FEFEC7 /* BNRStockHolding.m in Sources */ = {isa = PBXBuildFile; fileRef = 742F9050236992C900FEFEC7 /* BNRStockHolding.m */; };
		742F9057236AD57E00FEFEC7 /* BNRForeignStockHolding.m in Sources */ = {isa = PBXBuildFile; fileRef = 742F9056236AD57E00FEFEC7 /* BNRForeignStockHolding.m */; };
		748A23642372EA6700D31E0E /* BNRPortfolio.m in Sources */ = {isa = PBXBuildFile; fileRef = 748A23632372EA6700D31E0E /* BNRPortfolio.m */; };
/* End PBXBuildFile section */

/* Begin PBXCopyFilesBuildPhase section */
		742F90432369929700FEFEC7 /* CopyFiles */ = {
			isa = PBXCopyFilesBuildPhase;
			buildActionMask = 2147483647;
			dstPath = /usr/share/man/man1/;
			dstSubfolderSpec = 0;
			files = (
			);
			runOnlyForDeploymentPostprocessing = 1;
		};
/* End PBXCopyFilesBuildPhase section */

/* Begin PBXFileReference section */
		742F90452369929700FEFEC7 /* 18.1 Stocks */ = {isa = PBXFileReference; explicitFileType = "compiled.mach-o.executable"; includeInIndex = 0; path = "18.1 Stocks"; sourceTree = BUILT_PRODUCTS_DIR; };
		742F90482369929700FEFEC7 /* main.m */ = {isa = PBXFileReference; lastKnownFileType = sourcecode.c.objc; path = main.m; sourceTree = "<group>"; };
		742F904F236992C900FEFEC7 /* BNRStockHolding.h */ = {isa = PBXFileReference; lastKnownFileType = sourcecode.c.h; path = BNRStockHolding.h; sourceTree = "<group>"; };
		742F9050236992C900FEFEC7 /* BNRStockHolding.m */ = {isa = PBXFileReference; lastKnownFileType = sourcecode.c.objc; path = BNRStockHolding.m; sourceTree = "<group>"; };
		742F9055236AD57E00FEFEC7 /* BNRForeignStockHolding.h */ = {isa = PBXFileReference; lastKnownFileType = sourcecode.c.h; path = BNRForeignStockHolding.h; sourceTree = "<group>"; };
		742F9056236AD57E00FEFEC7 /* BNRForeignStockHolding.m */ = {isa = PBXFileReference; lastKnownFileType = sourcecode.c.objc; path = BNRForeignStockHolding.m; sourceTree = "<group>"; };
		748A23622372EA6600D31E0E /* BNRPortfolio.h */ = {isa = PBXFileReference; lastKnownFileType = sourcecode.c.h; path = BNRPortfolio.h; sourceTree = "<group>"; };
		748A23632372EA6700D31E0E /* BNRPortfolio.m */ = {isa = PBXFileReference; lastKnownFileType = sourcecode.c.objc; path = BNRPortfolio.m; sourceTree = "<group>"; };
/* End PBXFileReference section */

/* Begin PBXFrameworksBuildPhase section */
		742F90422369929700FEFEC7 /* Frameworks */ = {
			isa = PBXFrameworksBuildPhase;
			buildActionMask = 2147483647;
			files = (
			);
			runOnlyForDeploymentPostprocessing = 0;
		};
/* End PBXFrameworksBuildPhase section */

/* Begin PBXGroup section */
		742F903C2369929700FEFEC7 = {
			isa = PBXGroup;
			children = (
				748A23622372EA6600D31E0E /* BNRPortfolio.h */,
				748A23632372EA6700D31E0E /* BNRPortfolio.m */,
				742F9055236AD57E00FEFEC7 /* BNRForeignStockHolding.h */,
				742F9056236AD57E00FEFEC7 /* BNRForeignStockHolding.m */,
				742F904F236992C900FEFEC7 /* BNRStockHolding.h */,
				742F9050236992C900FEFEC7 /* BNRStockHolding.m */,
				742F90472369929700FEFEC7 /* 18.1 Stocks */,
				742F90462369929700FEFEC7 /* Products */,
			);
			sourceTree = "<group>";
		};
		742F90462369929700FEFEC7 /* Products */ = {
			isa = PBXGroup;
			children = (
				742F90452369929700FEFEC7 /* 18.1 Stocks */,
			);
			name = Products;
			sourceTree = "<group>";
		};
		742F90472369929700FEFEC7 /* 18.1 Stocks */ = {
			isa = PBXGroup;
			children = (
				742F90482369929700FEFEC7 /* main.m */,
			);
			path = "18.1 Stocks";
			sourceTree = "<group>";
		};
/* End PBXGroup section */

/* Begin PBXNativeTarget section */
		742F90442369929700FEFEC7 /* 18.1 Stocks */ = {
			isa = PBXNativeTarget;
			buildConfigurationList = 742F904C2369929700FEFEC7 /* Build configuration list for PBXNativeTarget "18.1 Stocks" */;
			buildPhases = (
				742F90412369929700FEFEC7 /* Sources */,
				742F90422369929700FEFEC7 /* Frameworks */,
				742F90432369929700FEFEC7 /* CopyFiles */,
			);
			buildRules = (
			);
			dependencies = (
			);
			name = "18.1 Stocks";
			productName = "18.1 Stocks";
			productReference = 742F90452369929700FEFEC7 /* 18.1 Stocks */;
			productType = "com.apple.product-type.tool";
		};
/* End PBXNativeTarget section */

/* Begin PBXProject section */
		742F903D2369929700FEFEC7 /* Project object */ = {
			isa = PBXProject;
			attributes = {
				LastUpgradeCheck = 1030;
				ORGANIZATIONNAME = "FARIT GATIATULLIN";
				TargetAttributes = {
					742F90442369929700FEFEC7 = {
						CreatedOnToolsVersion = 10.3;
					};
				};
			};
			buildConfigurationList = 742F90402369929700FEFEC7 /* Build configuration list for PBXProject "18.1 Stocks" */;
			compatibilityVersion = "Xcode 9.3";
			developmentRegion = en;
			hasScannedForEncodings = 0;
			knownRegions = (
				en,
			);
			mainGroup = 742F903C2369929700FEFEC7;
			productRefGroup = 742F90462369929700FEFEC7 /* Products */;
			projectDirPath = "";
			projectRoot = "";
			targets = (
				742F90442369929700FEFEC7 /* 18.1 Stocks */,
			);
		};
/* End PBXProject section */

/* Begin PBXSourcesBuildPhase section */
		742F90412369929700FEFEC7 /* Sources */ = {
			isa = PBXSourcesBuildPhase;
			buildActionMask = 2147483647;
			files = (
				742F9057236AD57E00FEFEC7 /* BNRForeignStockHolding.m in Sources */,
				748A23642372EA6700D31E0E /* BNRPortfolio.m in Sources */,
				742F90492369929700FEFEC7 /* main.m in Sources */,
				742F9051236992C900FEFEC7 /* BNRStockHolding.m in Sources */,
			);
			runOnlyForDeploymentPostprocessing = 0;
		};
/* End PBXSourcesBuildPhase section */

/* Begin XCBuildConfiguration section */
		742F904A2369929700FEFEC7 /* Debug */ = {
			isa = XCBuildConfiguration;
			buildSettings = {
				ALWAYS_SEARCH_USER_PATHS = NO;
				CLANG_ANALYZER_NONNULL = YES;
				CLANG_ANALYZER_NUMBER_OBJECT_CONVERSION = YES_AGGRESSIVE;
				CLANG_CXX_LANGUAGE_STANDARD = "gnu++14";
				CLANG_CXX_LIBRARY = "libc++";
				CLANG_ENABLE_MODULES = YES;
				CLANG_ENABLE_OBJC_ARC = YES;
				CLANG_ENABLE_OBJC_WEAK = YES;
				CLANG_WARN_BLOCK_CAPTURE_AUTORELEASING = YES;
				CLANG_WARN_BOOL_CONVERSION = YES;
				CLANG_WARN_COMMA = YES;
				CLANG_WARN_CONSTANT_CONVERSION = YES;
				CLANG_WARN_DEPRECATED_OBJC_IMPLEMENTATIONS = YES;
				CLANG_WARN_DIRECT_OBJC_ISA_USAGE = YES_ERROR;
				CLANG_WARN_DOCUMENTATION_COMMENTS = YES;
				CLANG_WARN_EMPTY_BODY = YES;
				CLANG_WARN_ENUM_CONVERSION = YES;
				CLANG_WARN_INFINITE_RECURSION = YES;
				CLANG_WARN_INT_CONVERSION = YES;
				CLANG_WARN_NON_LITERAL_NULL_CONVERSION = YES;
				CLANG_WARN_OBJC_IMPLICIT_RETAIN_SELF = YES;
				CLANG_WARN_OBJC_LITERAL_CONVERSION = YES;
				CLANG_WARN_OBJC_ROOT_CLASS = YES_ERROR;
				CLANG_WARN_RANGE_LOOP_ANALYSIS = YES;
				CLANG_WARN_STRICT_PROTOTYPES = YES;
				CLANG_WARN_SUSPICIOUS_MOVE = YES;
				CLANG_WARN_UNGUARDED_AVAILABILITY = YES_AGGRESSIVE;
				CLANG_WARN_UNREACHABLE_CODE = YES;
				CLANG_WARN__DUPLICATE_METHOD_MATCH = YES;
				CODE_SIGN_IDENTITY = "-";
				COPY_PHASE_STRIP = NO;
				DEBUG_INFORMATION_FORMAT = dwarf;
				ENABLE_STRICT_OBJC_MSGSEND = YES;
				ENABLE_TESTABILITY = YES;
				GCC_C_LANGUAGE_STANDARD = gnu11;
				GCC_DYNAMIC_NO_PIC = NO;
				GCC_NO_COMMON_BLOCKS = YES;
				GCC_OPTIMIZATION_LEVEL = 0;
				GCC_PREPROCESSOR_DEFINITIONS = (
					"DEBUG=1",
					"$(inherited)",
				);
				GCC_WARN_64_TO_32_BIT_CONVERSION = YES;
				GCC_WARN_ABOUT_RETURN_TYPE = YES_ERROR;
				GCC_WARN_UNDECLARED_SELECTOR = YES;
				GCC_WARN_UNINITIALIZED_AUTOS = YES_AGGRESSIVE;
				GCC_WARN_UNUSED_FUNCTION = YES;
				GCC_WARN_UNUSED_VARIABLE = YES;
				MACOSX_DEPLOYMENT_TARGET = 10.14;
				MTL_ENABLE_DEBUG_INFO = INCLUDE_SOURCE;
				MTL_FAST_MATH = YES;
				ONLY_ACTIVE_ARCH = YES;
				SDKROOT = macosx;
			};
			name = Debug;
		};
		742F904B2369929700FEFEC7 /* Release */ = {
			isa = XCBuildConfiguration;
			buildSettings = {
				ALWAYS_SEARCH_USER_PATHS = NO;
				CLANG_ANALYZER_NONNULL = YES;
				CLANG_ANALYZER_NUMBER_OBJECT_CONVERSION = YES_AGGRESSIVE;
				CLANG_CXX_LANGUAGE_STANDARD = "gnu++14";
				CLANG_CXX_LIBRARY = "libc++";
				CLANG_ENABLE_MODULES = YES;
				CLANG_ENABLE_OBJC_ARC = YES;
				CLANG_ENABLE_OBJC_WEAK = YES;
				CLANG_WARN_BLOCK_CAPTURE_AUTORELEASING = YES;
				CLANG_WARN_BOOL_CONVERSION = YES;
				CLANG_WARN_COMMA = YES;
				CLANG_WARN_CONSTANT_CONVERSION = YES;
				CLANG_WARN_DEPRECATED_OBJC_IMPLEMENTATIONS = YES;
				CLANG_WARN_DIRECT_OBJC_ISA_USAGE = YES_ERROR;
				CLANG_WARN_DOCUMENTATION_COMMENTS = YES;
				CLANG_WARN_EMPTY_BODY = YES;
				CLANG_WARN_ENUM_CONVERSION = YES;
				CLANG_WARN_INFINITE_RECURSION = YES;
				CLANG_WARN_INT_CONVERSION = YES;
				CLANG_WARN_NON_LITERAL_NULL_CONVERSION = YES;
				CLANG_WARN_OBJC_IMPLICIT_RETAIN_SELF = YES;
				CLANG_WARN_OBJC_LITERAL_CONVERSION = YES;
				CLANG_WARN_OBJC_ROOT_CLASS = YES_ERROR;
				CLANG_WARN_RANGE_LOOP_ANALYSIS = YES;
				CLANG_WARN_STRICT_PROTOTYPES = YES;
				CLANG_WARN_SUSPICIOUS_MOVE = YES;
				CLANG_WARN_UNGUARDED_AVAILABILITY = YES_AGGRESSIVE;
				CLANG_WARN_UNREACHABLE_CODE = YES;
				CLANG_WARN__DUPLICATE_METHOD_MATCH = YES;
				CODE_SIGN_IDENTITY = "-";
				COPY_PHASE_STRIP = NO;
				DEBUG_INFORMATION_FORMAT = "dwarf-with-dsym";
				ENABLE_NS_ASSERTIONS = NO;
				ENABLE_STRICT_OBJC_MSGSEND = YES;
				GCC_C_LANGUAGE_STANDARD = gnu11;
				GCC_NO_COMMON_BLOCKS = YES;
				GCC_WARN_64_TO_32_BIT_CONVERSION = YES;
				GCC_WARN_ABOUT_RETURN_TYPE = YES_ERROR;
				GCC_WARN_UNDECLARED_SELECTOR = YES;
				GCC_WARN_UNINITIALIZED_AUTOS = YES_AGGRESSIVE;
				GCC_WARN_UNUSED_FUNCTION = YES;
				GCC_WARN_UNUSED_VARIABLE = YES;
				MACOSX_DEPLOYMENT_TARGET = 10.14;
				MTL_ENABLE_DEBUG_INFO = NO;
				MTL_FAST_MATH = YES;
				SDKROOT = macosx;
			};
			name = Release;
		};
		742F904D2369929700FEFEC7 /* Debug */ = {
			isa = XCBuildConfiguration;
			buildSettings = {
				CODE_SIGN_STYLE = Automatic;
				PRODUCT_NAME = "$(TARGET_NAME)";
			};
			name = Debug;
		};
		742F904E2369929700FEFEC7 /* Release */ = {
			isa = XCBuildConfiguration;
			buildSettings = {
				CODE_SIGN_STYLE = Automatic;
				PRODUCT_NAME = "$(TARGET_NAME)";
			};
			name = Release;
		};
/* End XCBuildConfiguration section */

/* Begin XCConfigurationList section */
		742F90402369929700FEFEC7 /* Build configuration list for PBXProject "18.1 Stocks" */ = {
			isa = XCConfigurationList;
			buildConfigurations = (
				742F904A2369929700FEFEC7 /* Debug */,
				742F904B2369929700FEFEC7 /* Release */,
			);
			defaultConfigurationIsVisible = 0;
			defaultConfigurationName = Release;
		};
		742F904C2369929700FEFEC7 /* Build configuration list for PBXNativeTarget "18.1 Stocks" */ = {
			isa = XCConfigurationList;
			buildConfigurations = (
				742F904D2369929700FEFEC7 /* Debug */,
				742F904E2369929700FEFEC7 /* Release */,
			);
			defaultConfigurationIsVisible = 0;
			defaultConfigurationName = Release;
		};
/* End XCConfigurationList section */
	};
	rootObject = 742F903D2369929700FEFEC7 /* Project object */;
}
